
Microsoft Visual Studio Solution File, Format Version 12.00
# Visual Studio Version 17
VisualStudioVersion = 17.11.35327.3
MinimumVisualStudioVersion = 10.0.40219.1
Project("{FAE04EC0-301F-11D3-BF4B-00C04F79EFBC}") = "Employees", "Employees\Employees.csproj", "{DCC7BC07-C5DE-4EA3-BCE6-055F48D36E82}"
EndProject
Global
	GlobalSection(SolutionConfigurationPlatforms) = preSolution
		Debug|Any CPU = Debug|Any CPU
		Release|Any CPU = Release|Any CPU
	EndGlobalSection
	GlobalSection(ProjectConfigurationPlatforms) = postSolution
		{DCC7BC07-C5DE-4EA3-BCE6-055F48D36E82}.Debug|Any CPU.ActiveCfg = Debug|Any CPU
		{DCC7BC07-C5DE-4EA3-BCE6-055F48D36E82}.Debug|Any CPU.Build.0 = Debug|Any CPU
		{DCC7BC07-C5DE-4EA3-BCE6-055F48D36E82}.Release|Any CPU.ActiveCfg = Release|Any CPU
		{DCC7BC07-C5DE-4EA3-BCE6-055F48D36E82}.Release|Any CPU.Build.0 = Release|Any CPU
	EndGlobalSection
	GlobalSection(SolutionProperties) = preSolution
		HideSolutionNode = FALSE
	EndGlobalSection
	GlobalSection(ExtensibilityGlobals) = postSolution
		SolutionGuid = {5B5F02FE-9008-4AFB-B33C-5B8F8EAFE7BC}
	EndGlobalSection
EndGlobal
